
Microsoft Visual Studio Solution File, Format Version 12.00
# Visual Studio Version 17
VisualStudioVersion = 17.5.33424.131
MinimumVisualStudioVersion = 10.0.40219.1
Project("{8BC9CEB8-8B4A-11D0-8D11-00A0C91BC942}") = "LAB1_1", "LAB1_1\LAB1_1.vcxproj", "{5EDA3DCD-45CA-461D-82E2-6F7A8006A0A7}"
EndProject
Project("{8BC9CEB8-8B4A-11D0-8D11-00A0C91BC942}") = "LAB1_2", "LAB1_2\LAB1_2.vcxproj", "{F7869492-E0BD-4838-9C3E-790BC76D57F4}"
EndProject
Project("{8BC9CEB8-8B4A-11D0-8D11-00A0C91BC942}") = "HW1_1", "HW1_1\HW1_1.vcxproj", "{1218A0D1-2BDE-4C3F-AC77-C7898C63B62D}"
EndProject
Project("{8BC9CEB8-8B4A-11D0-8D11-00A0C91BC942}") = "HW1_2", "HW1_2\HW1_2.vcxproj", "{8991F46C-B7B6-44C7-9126-75247CE5B1F5}"
EndProject
Global
	GlobalSection(SolutionConfigurationPlatforms) = preSolution
		Debug|x64 = Debug|x64
		Debug|x86 = Debug|x86
		Release|x64 = Release|x64
		Release|x86 = Release|x86
	EndGlobalSection
	GlobalSection(ProjectConfigurationPlatforms) = postSolution
		{5EDA3DCD-45CA-461D-82E2-6F7A8006A0A7}.Debug|x64.ActiveCfg = Debug|x64
		{5EDA3DCD-45CA-461D-82E2-6F7A8006A0A7}.Debug|x64.Build.0 = Debug|x64
		{5EDA3DCD-45CA-461D-82E2-6F7A8006A0A7}.Debug|x86.ActiveCfg = Debug|Win32
		{5EDA3DCD-45CA-461D-82E2-6F7A8006A0A7}.Debug|x86.Build.0 = Debug|Win32
		{5EDA3DCD-45CA-461D-82E2-6F7A8006A0A7}.Release|x64.ActiveCfg = Release|x64
		{5EDA3DCD-45CA-461D-82E2-6F7A8006A0A7}.Release|x64.Build.0 = Release|x64
		{5EDA3DCD-45CA-461D-82E2-6F7A8006A0A7}.Release|x86.ActiveCfg = Release|Win32
		{5EDA3DCD-45CA-461D-82E2-6F7A8006A0A7}.Release|x86.Build.0 = Release|Win32
		{F7869492-E0BD-4838-9C3E-790BC76D57F4}.Debug|x64.ActiveCfg = Debug|x64
		{F7869492-E0BD-4838-9C3E-790BC76D57F4}.Debug|x64.Build.0 = Debug|x64
		{F7869492-E0BD-4838-9C3E-790BC76D57F4}.Debug|x86.ActiveCfg = Debug|Win32
		{F7869492-E0BD-4838-9C3E-790BC76D57F4}.Debug|x86.Build.0 = Debug|Win32
		{F7869492-E0BD-4838-9C3E-790BC76D57F4}.Release|x64.ActiveCfg = Release|x64
		{F7869492-E0BD-4838-9C3E-790BC76D57F4}.Release|x64.Build.0 = Release|x64
		{F7869492-E0BD-4838-9C3E-790BC76D57F4}.Release|x86.ActiveCfg = Release|Win32
		{F7869492-E0BD-4838-9C3E-790BC76D57F4}.Release|x86.Build.0 = Release|Win32
		{1218A0D1-2BDE-4C3F-AC77-C7898C63B62D}.Debug|x64.ActiveCfg = Debug|x64
		{1218A0D1-2BDE-4C3F-AC77-C7898C63B62D}.Debug|x64.Build.0 = Debug|x64
		{1218A0D1-2BDE-4C3F-AC77-C7898C63B62D}.Debug|x86.ActiveCfg = Debug|Win32
		{1218A0D1-2BDE-4C3F-AC77-C7898C63B62D}.Debug|x86.Build.0 = Debug|Win32
		{1218A0D1-2BDE-4C3F-AC77-C7898C63B62D}.Release|x64.ActiveCfg = Release|x64
		{1218A0D1-2BDE-4C3F-AC77-C7898C63B62D}.Release|x64.Build.0 = Release|x64
		{1218A0D1-2BDE-4C3F-AC77-C7898C63B62D}.Release|x86.ActiveCfg = Release|Win32
		{1218A0D1-2BDE-4C3F-AC77-C7898C63B62D}.Release|x86.Build.0 = Release|Win32
		{8991F46C-B7B6-44C7-9126-75247CE5B1F5}.Debug|x64.ActiveCfg = Debug|x64
		{8991F46C-B7B6-44C7-9126-75247CE5B1F5}.Debug|x64.Build.0 = Debug|x64
		{8991F46C-B7B6-44C7-9126-75247CE5B1F5}.Debug|x86.ActiveCfg = Debug|Win32
		{8991F46C-B7B6-44C7-9126-75247CE5B1F5}.Debug|x86.Build.0 = Debug|Win32
		{8991F46C-B7B6-44C7-9126-75247CE5B1F5}.Release|x64.ActiveCfg = Release|x64
		{8991F46C-B7B6-44C7-9126-75247CE5B1F5}.Release|x64.Build.0 = Release|x64
		{8991F46C-B7B6-44C7-9126-75247CE5B1F5}.Release|x86.ActiveCfg = Release|Win32
		{8991F46C-B7B6-44C7-9126-75247CE5B1F5}.Release|x86.Build.0 = Release|Win32
	EndGlobalSection
	GlobalSection(SolutionProperties) = preSolution
		HideSolutionNode = FALSE
	EndGlobalSection
	GlobalSection(ExtensibilityGlobals) = postSolution
		SolutionGuid = {913B95BE-B09E-43BC-A55B-84A5A5B139FA}
	EndGlobalSection
EndGlobal
